
Microsoft Visual Studio Solution File, Format Version 12.00
# Visual Studio 15
VisualStudioVersion = 15.0.26124.0
MinimumVisualStudioVersion = 15.0.26124.0
Project("{FAE04EC0-301F-11D3-BF4B-00C04F79EFBC}") = "MyMath", "MyMath\MyMath.csproj", "{15C6C0DB-CDE8-457B-84A1-47EB47369666}"
EndProject
Project("{FAE04EC0-301F-11D3-BF4B-00C04F79EFBC}") = "MyMath.Tests", "MyMath.Tests\MyMath.Tests.csproj", "{B5E3D5A8-9056-479E-B6E1-768AD0BF29E3}"
EndProject
Global
	GlobalSection(SolutionConfigurationPlatforms) = preSolution
		Debug|Any CPU = Debug|Any CPU
		Debug|x64 = Debug|x64
		Debug|x86 = Debug|x86
		Release|Any CPU = Release|Any CPU
		Release|x64 = Release|x64
		Release|x86 = Release|x86
	EndGlobalSection
	GlobalSection(SolutionProperties) = preSolution
		HideSolutionNode = FALSE
	EndGlobalSection
	GlobalSection(ProjectConfigurationPlatforms) = postSolution
		{15C6C0DB-CDE8-457B-84A1-47EB47369666}.Debug|Any CPU.ActiveCfg = Debug|Any CPU
		{15C6C0DB-CDE8-457B-84A1-47EB47369666}.Debug|Any CPU.Build.0 = Debug|Any CPU
		{15C6C0DB-CDE8-457B-84A1-47EB47369666}.Debug|x64.ActiveCfg = Debug|Any CPU
		{15C6C0DB-CDE8-457B-84A1-47EB47369666}.Debug|x64.Build.0 = Debug|Any CPU
		{15C6C0DB-CDE8-457B-84A1-47EB47369666}.Debug|x86.ActiveCfg = Debug|Any CPU
		{15C6C0DB-CDE8-457B-84A1-47EB47369666}.Debug|x86.Build.0 = Debug|Any CPU
		{15C6C0DB-CDE8-457B-84A1-47EB47369666}.Release|Any CPU.ActiveCfg = Release|Any CPU
		{15C6C0DB-CDE8-457B-84A1-47EB47369666}.Release|Any CPU.Build.0 = Release|Any CPU
		{15C6C0DB-CDE8-457B-84A1-47EB47369666}.Release|x64.ActiveCfg = Release|Any CPU
		{15C6C0DB-CDE8-457B-84A1-47EB47369666}.Release|x64.Build.0 = Release|Any CPU
		{15C6C0DB-CDE8-457B-84A1-47EB47369666}.Release|x86.ActiveCfg = Release|Any CPU
		{15C6C0DB-CDE8-457B-84A1-47EB47369666}.Release|x86.Build.0 = Release|Any CPU
		{B5E3D5A8-9056-479E-B6E1-768AD0BF29E3}.Debug|Any CPU.ActiveCfg = Debug|Any CPU
		{B5E3D5A8-9056-479E-B6E1-768AD0BF29E3}.Debug|Any CPU.Build.0 = Debug|Any CPU
		{B5E3D5A8-9056-479E-B6E1-768AD0BF29E3}.Debug|x64.ActiveCfg = Debug|Any CPU
		{B5E3D5A8-9056-479E-B6E1-768AD0BF29E3}.Debug|x64.Build.0 = Debug|Any CPU
		{B5E3D5A8-9056-479E-B6E1-768AD0BF29E3}.Debug|x86.ActiveCfg = Debug|Any CPU
		{B5E3D5A8-9056-479E-B6E1-768AD0BF29E3}.Debug|x86.Build.0 = Debug|Any CPU
		{B5E3D5A8-9056-479E-B6E1-768AD0BF29E3}.Release|Any CPU.ActiveCfg = Release|Any CPU
		{B5E3D5A8-9056-479E-B6E1-768AD0BF29E3}.Release|Any CPU.Build.0 = Release|Any CPU
		{B5E3D5A8-9056-479E-B6E1-768AD0BF29E3}.Release|x64.ActiveCfg = Release|Any CPU
		{B5E3D5A8-9056-479E-B6E1-768AD0BF29E3}.Release|x64.Build.0 = Release|Any CPU
		{B5E3D5A8-9056-479E-B6E1-768AD0BF29E3}.Release|x86.ActiveCfg = Release|Any CPU
		{B5E3D5A8-9056-479E-B6E1-768AD0BF29E3}.Release|x86.Build.0 = Release|Any CPU
	EndGlobalSection
EndGlobal
